
Microsoft Visual Studio Solution File, Format Version 12.00
# Visual Studio Version 17
VisualStudioVersion = 17.11.35303.130
MinimumVisualStudioVersion = 10.0.40219.1
Project("{2150E333-8FDC-42A3-9474-1A3956D46DE8}") = "Task0", "Task0", "{FBC9E299-2574-4183-8454-A4DE65877814}"
EndProject
Project("{9A19103F-16F7-4668-BE54-9A1E7A4F7556}") = "Tyuiu.TiasinIA.Sprint2.Task0.V24", "Tyuiu.TiasinIA.Sprint2.Task0.V24\Tyuiu.TiasinIA.Sprint2.Task0.V24.csproj", "{C59B236C-A443-45F5-91A2-A01DD73922FE}"
EndProject
Project("{9A19103F-16F7-4668-BE54-9A1E7A4F7556}") = "Tyuiu.TiasinIA.Sprint2.Task0.V24.Lib", "Tyuiu.TiasinIA.Sprint2.Task0.V24.Lib\Tyuiu.TiasinIA.Sprint2.Task0.V24.Lib.csproj", "{F719027E-63A8-4BB9-AB81-79883B40AC58}"
EndProject
Project("{9A19103F-16F7-4668-BE54-9A1E7A4F7556}") = "Tyuiu.TiasinIA.Sprint2.Task0.V24.Test", "Tyuiu.TiasinIA.Sprint2.Task0.V24.Test\Tyuiu.TiasinIA.Sprint2.Task0.V24.Test.csproj", "{52EE49A4-9112-4C06-BC74-2B47CF1697C4}"
EndProject
Project("{2150E333-8FDC-42A3-9474-1A3956D46DE8}") = "Task1", "Task1", "{FEE15C59-BD62-44C7-8F3E-421C153C62C7}"
EndProject
Project("{9A19103F-16F7-4668-BE54-9A1E7A4F7556}") = "Tyuiu.TiasinIA.Sprint2.Task1.V4", "Tyuiu.TiasinIA.Sprint2.Task1.V4\Tyuiu.TiasinIA.Sprint2.Task1.V4.csproj", "{59CA6B28-B76D-417F-976D-7CCDBAD7048C}"
EndProject
Project("{9A19103F-16F7-4668-BE54-9A1E7A4F7556}") = "Tyuiu.TiasinIA.Sprint2.Task1.V4.Test", "Tyuiu.TiasinIA.Sprint2.Task1.V4.Test\Tyuiu.TiasinIA.Sprint2.Task1.V4.Test.csproj", "{E6060687-5264-40FD-B8A1-864473C1A9E7}"
EndProject
Project("{9A19103F-16F7-4668-BE54-9A1E7A4F7556}") = "Tyuiu.TiasinIA.Sprint2.Task1.V4.Lib", "Tyuiu.TiasinIA.Sprint2.Task1.V4.Lib\Tyuiu.TiasinIA.Sprint2.Task1.V4.Lib.csproj", "{9738B462-2E8E-4F65-A3BD-8E674303B888}"
EndProject
Project("{2150E333-8FDC-42A3-9474-1A3956D46DE8}") = "Task2", "Task2", "{4256CFBA-05B9-4A88-925F-15AEC36A4C3D}"
EndProject
Project("{9A19103F-16F7-4668-BE54-9A1E7A4F7556}") = "Tyuiu.TiasinIA.Sprint2.Task2.V9", "Tyuiu.TiasinIA.Sprint2.Task2.V9\Tyuiu.TiasinIA.Sprint2.Task2.V9.csproj", "{C9D03736-0F37-4D09-8106-D57E6AD351C3}"
EndProject
Project("{9A19103F-16F7-4668-BE54-9A1E7A4F7556}") = "Tyuiu.TiasinIA.Sprint2.Task2.V9.Lib", "Tyuiu.TiasinIA.Sprint2.Task2.V9.Lib\Tyuiu.TiasinIA.Sprint2.Task2.V9.Lib.csproj", "{B7CFB592-9219-49D9-AA46-8BD96F0E4616}"
EndProject
Project("{9A19103F-16F7-4668-BE54-9A1E7A4F7556}") = "Tyuiu.TiasinIA.Sprint2.Task2.V9.Test", "Tyuiu.TiasinIA.Sprint2.Task2.V9.Test\Tyuiu.TiasinIA.Sprint2.Task2.V9.Test.csproj", "{294928DA-9226-417E-A7BC-A4CC82543FA7}"
EndProject
Project("{2150E333-8FDC-42A3-9474-1A3956D46DE8}") = "Task3", "Task3", "{17105B3C-BF78-40EE-A13F-52ECC42D78BC}"
EndProject
Project("{FAE04EC0-301F-11D3-BF4B-00C04F79EFBC}") = "Tyuiu.TiasinIA.Sprint2.Task3.V10", "Tyuiu.TiasinIA.Sprint2.Task3.V10\Tyuiu.TiasinIA.Sprint2.Task3.V10.csproj", "{8C90518B-6884-4586-887B-0702F824B353}"
EndProject
Project("{FAE04EC0-301F-11D3-BF4B-00C04F79EFBC}") = "Tyuiu.TiasinIA.Sprint2.Task3.V10.Lib", "Tyuiu.TiasinIA.Sprint2.Task3.V10.Lib\Tyuiu.TiasinIA.Sprint2.Task3.V10.Lib.csproj", "{797937AB-AED8-43A6-9A15-8EDA3B0E5461}"
EndProject
Project("{FAE04EC0-301F-11D3-BF4B-00C04F79EFBC}") = "Tyuiu.TiasinIA.Sprint2.Task3.V10.Test", "Tyuiu.TiasinIA.Sprint2.Task3.V10.Test\Tyuiu.TiasinIA.Sprint2.Task3.V10.Test.csproj", "{CD6DFB87-8B7E-4968-920F-17430BF12A2B}"
EndProject
Global
	GlobalSection(SolutionConfigurationPlatforms) = preSolution
		Debug|Any CPU = Debug|Any CPU
		Release|Any CPU = Release|Any CPU
	EndGlobalSection
	GlobalSection(ProjectConfigurationPlatforms) = postSolution
		{C59B236C-A443-45F5-91A2-A01DD73922FE}.Debug|Any CPU.ActiveCfg = Debug|Any CPU
		{C59B236C-A443-45F5-91A2-A01DD73922FE}.Debug|Any CPU.Build.0 = Debug|Any CPU
		{C59B236C-A443-45F5-91A2-A01DD73922FE}.Release|Any CPU.ActiveCfg = Release|Any CPU
		{C59B236C-A443-45F5-91A2-A01DD73922FE}.Release|Any CPU.Build.0 = Release|Any CPU
		{F719027E-63A8-4BB9-AB81-79883B40AC58}.Debug|Any CPU.ActiveCfg = Debug|Any CPU
		{F719027E-63A8-4BB9-AB81-79883B40AC58}.Debug|Any CPU.Build.0 = Debug|Any CPU
		{F719027E-63A8-4BB9-AB81-79883B40AC58}.Release|Any CPU.ActiveCfg = Release|Any CPU
		{F719027E-63A8-4BB9-AB81-79883B40AC58}.Release|Any CPU.Build.0 = Release|Any CPU
		{52EE49A4-9112-4C06-BC74-2B47CF1697C4}.Debug|Any CPU.ActiveCfg = Debug|Any CPU
		{52EE49A4-9112-4C06-BC74-2B47CF1697C4}.Debug|Any CPU.Build.0 = Debug|Any CPU
		{52EE49A4-9112-4C06-BC74-2B47CF1697C4}.Release|Any CPU.ActiveCfg = Release|Any CPU
		{52EE49A4-9112-4C06-BC74-2B47CF1697C4}.Release|Any CPU.Build.0 = Release|Any CPU
		{59CA6B28-B76D-417F-976D-7CCDBAD7048C}.Debug|Any CPU.ActiveCfg = Debug|Any CPU
		{59CA6B28-B76D-417F-976D-7CCDBAD7048C}.Debug|Any CPU.Build.0 = Debug|Any CPU
		{59CA6B28-B76D-417F-976D-7CCDBAD7048C}.Release|Any CPU.ActiveCfg = Release|Any CPU
		{59CA6B28-B76D-417F-976D-7CCDBAD7048C}.Release|Any CPU.Build.0 = Release|Any CPU
		{E6060687-5264-40FD-B8A1-864473C1A9E7}.Debug|Any CPU.ActiveCfg = Debug|Any CPU
		{E6060687-5264-40FD-B8A1-864473C1A9E7}.Debug|Any CPU.Build.0 = Debug|Any CPU
		{E6060687-5264-40FD-B8A1-864473C1A9E7}.Release|Any CPU.ActiveCfg = Release|Any CPU
		{E6060687-5264-40FD-B8A1-864473C1A9E7}.Release|Any CPU.Build.0 = Release|Any CPU
		{9738B462-2E8E-4F65-A3BD-8E674303B888}.Debug|Any CPU.ActiveCfg = Debug|Any CPU
		{9738B462-2E8E-4F65-A3BD-8E674303B888}.Debug|Any CPU.Build.0 = Debug|Any CPU
		{9738B462-2E8E-4F65-A3BD-8E674303B888}.Release|Any CPU.ActiveCfg = Release|Any CPU
		{9738B462-2E8E-4F65-A3BD-8E674303B888}.Release|Any CPU.Build.0 = Release|Any CPU
		{C9D03736-0F37-4D09-8106-D57E6AD351C3}.Debug|Any CPU.ActiveCfg = Debug|Any CPU
		{C9D03736-0F37-4D09-8106-D57E6AD351C3}.Debug|Any CPU.Build.0 = Debug|Any CPU
		{C9D03736-0F37-4D09-8106-D57E6AD351C3}.Release|Any CPU.ActiveCfg = Release|Any CPU
		{C9D03736-0F37-4D09-8106-D57E6AD351C3}.Release|Any CPU.Build.0 = Release|Any CPU
		{B7CFB592-9219-49D9-AA46-8BD96F0E4616}.Debug|Any CPU.ActiveCfg = Debug|Any CPU
		{B7CFB592-9219-49D9-AA46-8BD96F0E4616}.Debug|Any CPU.Build.0 = Debug|Any CPU
		{B7CFB592-9219-49D9-AA46-8BD96F0E4616}.Release|Any CPU.ActiveCfg = Release|Any CPU
		{B7CFB592-9219-49D9-AA46-8BD96F0E4616}.Release|Any CPU.Build.0 = Release|Any CPU
		{294928DA-9226-417E-A7BC-A4CC82543FA7}.Debug|Any CPU.ActiveCfg = Debug|Any CPU
		{294928DA-9226-417E-A7BC-A4CC82543FA7}.Debug|Any CPU.Build.0 = Debug|Any CPU
		{294928DA-9226-417E-A7BC-A4CC82543FA7}.Release|Any CPU.ActiveCfg = Release|Any CPU
		{294928DA-9226-417E-A7BC-A4CC82543FA7}.Release|Any CPU.Build.0 = Release|Any CPU
		{8C90518B-6884-4586-887B-0702F824B353}.Debug|Any CPU.ActiveCfg = Debug|Any CPU
		{8C90518B-6884-4586-887B-0702F824B353}.Debug|Any CPU.Build.0 = Debug|Any CPU
		{8C90518B-6884-4586-887B-0702F824B353}.Release|Any CPU.ActiveCfg = Release|Any CPU
		{8C90518B-6884-4586-887B-0702F824B353}.Release|Any CPU.Build.0 = Release|Any CPU
		{797937AB-AED8-43A6-9A15-8EDA3B0E5461}.Debug|Any CPU.ActiveCfg = Debug|Any CPU
		{797937AB-AED8-43A6-9A15-8EDA3B0E5461}.Debug|Any CPU.Build.0 = Debug|Any CPU
		{797937AB-AED8-43A6-9A15-8EDA3B0E5461}.Release|Any CPU.ActiveCfg = Release|Any CPU
		{797937AB-AED8-43A6-9A15-8EDA3B0E5461}.Release|Any CPU.Build.0 = Release|Any CPU
		{CD6DFB87-8B7E-4968-920F-17430BF12A2B}.Debug|Any CPU.ActiveCfg = Debug|Any CPU
		{CD6DFB87-8B7E-4968-920F-17430BF12A2B}.Debug|Any CPU.Build.0 = Debug|Any CPU
		{CD6DFB87-8B7E-4968-920F-17430BF12A2B}.Release|Any CPU.ActiveCfg = Release|Any CPU
		{CD6DFB87-8B7E-4968-920F-17430BF12A2B}.Release|Any CPU.Build.0 = Release|Any CPU
	EndGlobalSection
	GlobalSection(SolutionProperties) = preSolution
		HideSolutionNode = FALSE
	EndGlobalSection
	GlobalSection(NestedProjects) = preSolution
		{C59B236C-A443-45F5-91A2-A01DD73922FE} = {FBC9E299-2574-4183-8454-A4DE65877814}
		{F719027E-63A8-4BB9-AB81-79883B40AC58} = {FBC9E299-2574-4183-8454-A4DE65877814}
		{52EE49A4-9112-4C06-BC74-2B47CF1697C4} = {FBC9E299-2574-4183-8454-A4DE65877814}
		{59CA6B28-B76D-417F-976D-7CCDBAD7048C} = {FEE15C59-BD62-44C7-8F3E-421C153C62C7}
		{E6060687-5264-40FD-B8A1-864473C1A9E7} = {FEE15C59-BD62-44C7-8F3E-421C153C62C7}
		{9738B462-2E8E-4F65-A3BD-8E674303B888} = {FEE15C59-BD62-44C7-8F3E-421C153C62C7}
		{C9D03736-0F37-4D09-8106-D57E6AD351C3} = {4256CFBA-05B9-4A88-925F-15AEC36A4C3D}
		{B7CFB592-9219-49D9-AA46-8BD96F0E4616} = {4256CFBA-05B9-4A88-925F-15AEC36A4C3D}
		{294928DA-9226-417E-A7BC-A4CC82543FA7} = {4256CFBA-05B9-4A88-925F-15AEC36A4C3D}
		{8C90518B-6884-4586-887B-0702F824B353} = {17105B3C-BF78-40EE-A13F-52ECC42D78BC}
		{797937AB-AED8-43A6-9A15-8EDA3B0E5461} = {17105B3C-BF78-40EE-A13F-52ECC42D78BC}
		{CD6DFB87-8B7E-4968-920F-17430BF12A2B} = {17105B3C-BF78-40EE-A13F-52ECC42D78BC}
	EndGlobalSection
	GlobalSection(ExtensibilityGlobals) = postSolution
		SolutionGuid = {FB8DCE9E-5391-41AD-9A6B-B3E5E81A4810}
	EndGlobalSection
EndGlobal
